{
  "object": {
    "pins": [
      {
        "package": "Hopoate",
        "repositoryURL": "https://github.com/sebskuse/hopoate",
        "state": {
          "branch": "isolated-dependencies",
          "revision": "389191bbf1de4f8d30b43307fb6de4bfe32d93c5",
          "version": null
        }
      }
    ]
  },
  "version": 1
}
