{
  "object": {
    "pins": [
      {
        "package": "Hopoate",
        "repositoryURL": "https://github.com/darjeelingsteve/hopoate",
        "state": {
          "branch": null,
          "revision": "4036e6da7a9d8c1ee8066e0937196bad249c88b5",
          "version": "1.11.0"
        }
      }
    ]
  },
  "version": 1
}
